{
  "requires": true,
  "lockfileVersion": 1,
  "dependencies": {
    "datasets-fi-postalcodes": {
      "version": "1.0.234",
      "resolved": "https://registry.npmjs.org/datasets-fi-postalcodes/-/datasets-fi-postalcodes-1.0.234.tgz",
      "integrity": "sha512-J9Uh+RyrmHBa6IhgTWI+Zpts3Cs4wXIs5b6ZlJ9f5ONW7xvZZGLcljMZ9lHsPRRLKQPfUYqcX0AumSPJOK0buQ=="
    }
  }
}
